// !$*UTF8*$!
{
	archiveVersion = 1;
	classes = {
	};
	objectVersion = 50;
	objects = {

/* Begin PBXBuildFile section */
		88CF953420CA575200207446 /* AppDelegate.swift in Sources */ = {isa = PBXBuildFile; fileRef = 88CF953320CA575200207446 /* AppDelegate.swift */; };
		88CF953620CA575200207446 /* ViewController.swift in Sources */ = {isa = PBXBuildFile; fileRef = 88CF953520CA575200207446 /* ViewController.swift */; };
		88CF953920CA575200207446 /* Main.storyboard in Resources */ = {isa = PBXBuildFile; fileRef = 88CF953720CA575200207446 /* Main.storyboard */; };
		88CF953B20CA575400207446 /* Assets.xcassets in Resources */ = {isa = PBXBuildFile; fileRef = 88CF953A20CA575400207446 /* Assets.xcassets */; };
		88CF953E20CA575400207446 /* LaunchScreen.storyboard in Resources */ = {isa = PBXBuildFile; fileRef = 88CF953C20CA575400207446 /* LaunchScreen.storyboard */; };
		88CF954920CA575500207446 /* StoreReviewSampleTests.swift in Sources */ = {isa = PBXBuildFile; fileRef = 88CF954820CA575500207446 /* StoreReviewSampleTests.swift */; };
		88CF955420CA575500207446 /* StoreReviewSampleUITests.swift in Sources */ = {isa = PBXBuildFile; fileRef = 88CF955320CA575500207446 /* StoreReviewSampleUITests.swift */; };
/* End PBXBuildFile section */

/* Begin PBXContainerItemProxy section */
		88CF954520CA575500207446 /* PBXContainerItemProxy */ = {
			isa = PBXContainerItemProxy;
			containerPortal = 88CF952820CA575200207446 /* Project object */;
			proxyType = 1;
			remoteGlobalIDString = 88CF952F20CA575200207446;
			remoteInfo = StoreReviewSample;
		};
		88CF955020CA575500207446 /* PBXContainerItemProxy */ = {
			isa = PBXContainerItemProxy;
			containerPortal = 88CF952820CA575200207446 /* Project object */;
			proxyType = 1;
			remoteGlobalIDString = 88CF952F20CA575200207446;
			remoteInfo = StoreReviewSample;
		};
/* End PBXContainerItemProxy section */

/* Begin PBXFileReference section */
		88CF953020CA575200207446 /* StoreReviewSample.app */ = {isa = PBXFileReference; explicitFileType = wrapper.application; includeInIndex = 0; path = StoreReviewSample.app; sourceTree = BUILT_PRODUCTS_DIR; };
		88CF953320CA575200207446 /* AppDelegate.swift */ = {isa = PBXFileReference; lastKnownFileType = sourcecode.swift; path = AppDelegate.swift; sourceTree = "<group>"; };
		88CF953520CA575200207446 /* ViewController.swift */ = {isa = PBXFileReference; lastKnownFileType = sourcecode.swift; path = ViewController.swift; sourceTree = "<group>"; };
		88CF953820CA575200207446 /* Base */ = {isa = PBXFileReference; lastKnownFileType = file.storyboard; name = Base; path = Base.lproj/Main.storyboard; sourceTree = "<group>"; };
		88CF953A20CA575400207446 /* Assets.xcassets */ = {isa = PBXFileReference; lastKnownFileType = folder.assetcatalog; path = Assets.xcassets; sourceTree = "<group>"; };
		88CF953D20CA575400207446 /* Base */ = {isa = PBXFileReference; lastKnownFileType = file.storyboard; name = Base; path = Base.lproj/LaunchScreen.storyboard; sourceTree = "<group>"; };
		88CF953F20CA575400207446 /* Info.plist */ = {isa = PBXFileReference; lastKnownFileType = text.plist.xml; path = Info.plist; sourceTree = "<group>"; };
		88CF954420CA575500207446 /* StoreReviewSampleTests.xctest */ = {isa = PBXFileReference; explicitFileType = wrapper.cfbundle; includeInIndex = 0; path = StoreReviewSampleTests.xctest; sourceTree = BUILT_PRODUCTS_DIR; };
		88CF954820CA575500207446 /* StoreReviewSampleTests.swift */ = {isa = PBXFileReference; lastKnownFileType = sourcecode.swift; path = StoreReviewSampleTests.swift; sourceTree = "<group>"; };
		88CF954A20CA575500207446 /* Info.plist */ = {isa = PBXFileReference; lastKnownFileType = text.plist.xml; path = Info.plist; sourceTree = "<group>"; };
		88CF954F20CA575500207446 /* StoreReviewSampleUITests.xctest */ = {isa = PBXFileReference; explicitFileType = wrapper.cfbundle; includeInIndex = 0; path = StoreReviewSampleUITests.xctest; sourceTree = BUILT_PRODUCTS_DIR; };
		88CF955320CA575500207446 /* StoreReviewSampleUITests.swift */ = {isa = PBXFileReference; lastKnownFileType = sourcecode.swift; path = StoreReviewSampleUITests.swift; sourceTree = "<group>"; };
		88CF955520CA575500207446 /* Info.plist */ = {isa = PBXFileReference; lastKnownFileType = text.plist.xml; path = Info.plist; sourceTree = "<group>"; };
/* End PBXFileReference section */

/* Begin PBXFrameworksBuildPhase section */
		88CF952D20CA575200207446 /* Frameworks */ = {
			isa = PBXFrameworksBuildPhase;
			buildActionMask = 2147483647;
			files = (
			);
			runOnlyForDeploymentPostprocessing = 0;
		};
		88CF954120CA575500207446 /* Frameworks */ = {
			isa = PBXFrameworksBuildPhase;
			buildActionMask = 2147483647;
			files = (
			);
			runOnlyForDeploymentPostprocessing = 0;
		};
		88CF954C20CA575500207446 /* Frameworks */ = {
			isa = PBXFrameworksBuildPhase;
			buildActionMask = 2147483647;
			files = (
			);
			runOnlyForDeploymentPostprocessing = 0;
		};
/* End PBXFrameworksBuildPhase section */

/* Begin PBXGroup section */
		88CF952720CA575200207446 = {
			isa = PBXGroup;
			children = (
				88CF953220CA575200207446 /* StoreReviewSample */,
				88CF954720CA575500207446 /* StoreReviewSampleTests */,
				88CF955220CA575500207446 /* StoreReviewSampleUITests */,
				88CF953120CA575200207446 /* Products */,
			);
			sourceTree = "<group>";
		};
		88CF953120CA575200207446 /* Products */ = {
			isa = PBXGroup;
			children = (
				88CF953020CA575200207446 /* StoreReviewSample.app */,
				88CF954420CA575500207446 /* StoreReviewSampleTests.xctest */,
				88CF954F20CA575500207446 /* StoreReviewSampleUITests.xctest */,
			);
			name = Products;
			sourceTree = "<group>";
		};
		88CF953220CA575200207446 /* StoreReviewSample */ = {
			isa = PBXGroup;
			children = (
				88CF953320CA575200207446 /* AppDelegate.swift */,
				88CF953520CA575200207446 /* ViewController.swift */,
				88CF953720CA575200207446 /* Main.storyboard */,
				88CF953A20CA575400207446 /* Assets.xcassets */,
				88CF953C20CA575400207446 /* LaunchScreen.storyboard */,
				88CF953F20CA575400207446 /* Info.plist */,
			);
			path = StoreReviewSample;
			sourceTree = "<group>";
		};
		88CF954720CA575500207446 /* StoreReviewSampleTests */ = {
			isa = PBXGroup;
			children = (
				88CF954820CA575500207446 /* StoreReviewSampleTests.swift */,
				88CF954A20CA575500207446 /* Info.plist */,
			);
			path = StoreReviewSampleTests;
			sourceTree = "<group>";
		};
		88CF955220CA575500207446 /* StoreReviewSampleUITests */ = {
			isa = PBXGroup;
			children = (
				88CF955320CA575500207446 /* StoreReviewSampleUITests.swift */,
				88CF955520CA575500207446 /* Info.plist */,
			);
			path = StoreReviewSampleUITests;
			sourceTree = "<group>";
		};
/* End PBXGroup section */

/* Begin PBXNativeTarget section */
		88CF952F20CA575200207446 /* StoreReviewSample */ = {
			isa = PBXNativeTarget;
			buildConfigurationList = 88CF955820CA575500207446 /* Build configuration list for PBXNativeTarget "StoreReviewSample" */;
			buildPhases = (
				88CF952C20CA575200207446 /* Sources */,
				88CF952D20CA575200207446 /* Frameworks */,
				88CF952E20CA575200207446 /* Resources */,
			);
			buildRules = (
			);
			dependencies = (
			);
			name = StoreReviewSample;
			productName = StoreReviewSample;
			productReference = 88CF953020CA575200207446 /* StoreReviewSample.app */;
			productType = "com.apple.product-type.application";
		};
		88CF954320CA575500207446 /* StoreReviewSampleTests */ = {
			isa = PBXNativeTarget;
			buildConfigurationList = 88CF955B20CA575500207446 /* Build configuration list for PBXNativeTarget "StoreReviewSampleTests" */;
			buildPhases = (
				88CF954020CA575500207446 /* Sources */,
				88CF954120CA575500207446 /* Frameworks */,
				88CF954220CA575500207446 /* Resources */,
			);
			buildRules = (
			);
			dependencies = (
				88CF954620CA575500207446 /* PBXTargetDependency */,
			);
			name = StoreReviewSampleTests;
			productName = StoreReviewSampleTests;
			productReference = 88CF954420CA575500207446 /* StoreReviewSampleTests.xctest */;
			productType = "com.apple.product-type.bundle.unit-test";
		};
		88CF954E20CA575500207446 /* StoreReviewSampleUITests */ = {
			isa = PBXNativeTarget;
			buildConfigurationList = 88CF955E20CA575500207446 /* Build configuration list for PBXNativeTarget "StoreReviewSampleUITests" */;
			buildPhases = (
				88CF954B20CA575500207446 /* Sources */,
				88CF954C20CA575500207446 /* Frameworks */,
				88CF954D20CA575500207446 /* Resources */,
			);
			buildRules = (
			);
			dependencies = (
				88CF955120CA575500207446 /* PBXTargetDependency */,
			);
			name = StoreReviewSampleUITests;
			productName = StoreReviewSampleUITests;
			productReference = 88CF954F20CA575500207446 /* StoreReviewSampleUITests.xctest */;
			productType = "com.apple.product-type.bundle.ui-testing";
		};
/* End PBXNativeTarget section */

/* Begin PBXProject section */
		88CF952820CA575200207446 /* Project object */ = {
			isa = PBXProject;
			attributes = {
				LastSwiftUpdateCheck = 0930;
				LastUpgradeCheck = 0930;
				ORGANIZATIONNAME = devWill;
				TargetAttributes = {
					88CF952F20CA575200207446 = {
						CreatedOnToolsVersion = 9.3;
					};
					88CF954320CA575500207446 = {
						CreatedOnToolsVersion = 9.3;
						TestTargetID = 88CF952F20CA575200207446;
					};
					88CF954E20CA575500207446 = {
						CreatedOnToolsVersion = 9.3;
						TestTargetID = 88CF952F20CA575200207446;
					};
				};
			};
			buildConfigurationList = 88CF952B20CA575200207446 /* Build configuration list for PBXProject "StoreReviewSample" */;
			compatibilityVersion = "Xcode 9.3";
			developmentRegion = en;
			hasScannedForEncodings = 0;
			knownRegions = (
				en,
				Base,
			);
			mainGroup = 88CF952720CA575200207446;
			productRefGroup = 88CF953120CA575200207446 /* Products */;
			projectDirPath = "";
			projectRoot = "";
			targets = (
				88CF952F20CA575200207446 /* StoreReviewSample */,
				88CF954320CA575500207446 /* StoreReviewSampleTests */,
				88CF954E20CA575500207446 /* StoreReviewSampleUITests */,
			);
		};
/* End PBXProject section */

/* Begin PBXResourcesBuildPhase section */
		88CF952E20CA575200207446 /* Resources */ = {
			isa = PBXResourcesBuildPhase;
			buildActionMask = 2147483647;
			files = (
				88CF953E20CA575400207446 /* LaunchScreen.storyboard in Resources */,
				88CF953B20CA575400207446 /* Assets.xcassets in Resources */,
				88CF953920CA575200207446 /* Main.storyboard in Resources */,
			);
			runOnlyForDeploymentPostprocessing = 0;
		};
		88CF954220CA575500207446 /* Resources */ = {
			isa = PBXResourcesBuildPhase;
			buildActionMask = 2147483647;
			files = (
			);
			runOnlyForDeploymentPostprocessing = 0;
		};
		88CF954D20CA575500207446 /* Resources */ = {
			isa = PBXResourcesBuildPhase;
			buildActionMask = 2147483647;
			files = (
			);
			runOnlyForDeploymentPostprocessing = 0;
		};
/* End PBXResourcesBuildPhase section */

/* Begin PBXSourcesBuildPhase section */
		88CF952C20CA575200207446 /* Sources */ = {
			isa = PBXSourcesBuildPhase;
			buildActionMask = 2147483647;
			files = (
				88CF953620CA575200207446 /* ViewController.swift in Sources */,
				88CF953420CA575200207446 /* AppDelegate.swift in Sources */,
			);
			runOnlyForDeploymentPostprocessing = 0;
		};
		88CF954020CA575500207446 /* Sources */ = {
			isa = PBXSourcesBuildPhase;
			buildActionMask = 2147483647;
			files = (
				88CF954920CA575500207446 /* StoreReviewSampleTests.swift in Sources */,
			);
			runOnlyForDeploymentPostprocessing = 0;
		};
		88CF954B20CA575500207446 /* Sources */ = {
			isa = PBXSourcesBuildPhase;
			buildActionMask = 2147483647;
			files = (
				88CF955420CA575500207446 /* StoreReviewSampleUITests.swift in Sources */,
			);
			runOnlyForDeploymentPostprocessing = 0;
		};
/* End PBXSourcesBuildPhase section */

/* Begin PBXTargetDependency section */
		88CF954620CA575500207446 /* PBXTargetDependency */ = {
			isa = PBXTargetDependency;
			target = 88CF952F20CA575200207446 /* StoreReviewSample */;
			targetProxy = 88CF954520CA575500207446 /* PBXContainerItemProxy */;
		};
		88CF955120CA575500207446 /* PBXTargetDependency */ = {
			isa = PBXTargetDependency;
			target = 88CF952F20CA575200207446 /* StoreReviewSample */;
			targetProxy = 88CF955020CA575500207446 /* PBXContainerItemProxy */;
		};
/* End PBXTargetDependency section */

/* Begin PBXVariantGroup section */
		88CF953720CA575200207446 /* Main.storyboard */ = {
			isa = PBXVariantGroup;
			children = (
				88CF953820CA575200207446 /* Base */,
			);
			name = Main.storyboard;
			sourceTree = "<group>";
		};
		88CF953C20CA575400207446 /* LaunchScreen.storyboard */ = {
			isa = PBXVariantGroup;
			children = (
				88CF953D20CA575400207446 /* Base */,
			);
			name = LaunchScreen.storyboard;
			sourceTree = "<group>";
		};
/* End PBXVariantGroup section */

/* Begin XCBuildConfiguration section */
		88CF955620CA575500207446 /* Debug */ = {
			isa = XCBuildConfiguration;
			buildSettings = {
				ALWAYS_SEARCH_USER_PATHS = NO;
				CLANG_ANALYZER_NONNULL = YES;
				CLANG_ANALYZER_NUMBER_OBJECT_CONVERSION = YES_AGGRESSIVE;
				CLANG_CXX_LANGUAGE_STANDARD = "gnu++14";
				CLANG_CXX_LIBRARY = "libc++";
				CLANG_ENABLE_MODULES = YES;
				CLANG_ENABLE_OBJC_ARC = YES;
				CLANG_ENABLE_OBJC_WEAK = YES;
				CLANG_WARN_BLOCK_CAPTURE_AUTORELEASING = YES;
				CLANG_WARN_BOOL_CONVERSION = YES;
				CLANG_WARN_COMMA = YES;
				CLANG_WARN_CONSTANT_CONVERSION = YES;
				CLANG_WARN_DEPRECATED_OBJC_IMPLEMENTATIONS = YES;
				CLANG_WARN_DIRECT_OBJC_ISA_USAGE = YES_ERROR;
				CLANG_WARN_DOCUMENTATION_COMMENTS = YES;
				CLANG_WARN_EMPTY_BODY = YES;
				CLANG_WARN_ENUM_CONVERSION = YES;
				CLANG_WARN_INFINITE_RECURSION = YES;
				CLANG_WARN_INT_CONVERSION = YES;
				CLANG_WARN_NON_LITERAL_NULL_CONVERSION = YES;
				CLANG_WARN_OBJC_IMPLICIT_RETAIN_SELF = YES;
				CLANG_WARN_OBJC_LITERAL_CONVERSION = YES;
				CLANG_WARN_OBJC_ROOT_CLASS = YES_ERROR;
				CLANG_WARN_RANGE_LOOP_ANALYSIS = YES;
				CLANG_WARN_STRICT_PROTOTYPES = YES;
				CLANG_WARN_SUSPICIOUS_MOVE = YES;
				CLANG_WARN_UNGUARDED_AVAILABILITY = YES_AGGRESSIVE;
				CLANG_WARN_UNREACHABLE_CODE = YES;
				CLANG_WARN__DUPLICATE_METHOD_MATCH = YES;
				CODE_SIGN_IDENTITY = "iPhone Developer";
				COPY_PHASE_STRIP = NO;
				DEBUG_INFORMATION_FORMAT = dwarf;
				ENABLE_STRICT_OBJC_MSGSEND = YES;
				ENABLE_TESTABILITY = YES;
				GCC_C_LANGUAGE_STANDARD = gnu11;
				GCC_DYNAMIC_NO_PIC = NO;
				GCC_NO_COMMON_BLOCKS = YES;
				GCC_OPTIMIZATION_LEVEL = 0;
				GCC_PREPROCESSOR_DEFINITIONS = (
					"DEBUG=1",
					"$(inherited)",
				);
				GCC_WARN_64_TO_32_BIT_CONVERSION = YES;
				GCC_WARN_ABOUT_RETURN_TYPE = YES_ERROR;
				GCC_WARN_UNDECLARED_SELECTOR = YES;
				GCC_WARN_UNINITIALIZED_AUTOS = YES_AGGRESSIVE;
				GCC_WARN_UNUSED_FUNCTION = YES;
				GCC_WARN_UNUSED_VARIABLE = YES;
				IPHONEOS_DEPLOYMENT_TARGET = 11.3;
				MTL_ENABLE_DEBUG_INFO = YES;
				ONLY_ACTIVE_ARCH = YES;
				SDKROOT = iphoneos;
				SWIFT_ACTIVE_COMPILATION_CONDITIONS = DEBUG;
				SWIFT_OPTIMIZATION_LEVEL = "-Onone";
			};
			name = Debug;
		};
		88CF955720CA575500207446 /* Release */ = {
			isa = XCBuildConfiguration;
			buildSettings = {
				ALWAYS_SEARCH_USER_PATHS = NO;
				CLANG_ANALYZER_NONNULL = YES;
				CLANG_ANALYZER_NUMBER_OBJECT_CONVERSION = YES_AGGRESSIVE;
				CLANG_CXX_LANGUAGE_STANDARD = "gnu++14";
				CLANG_CXX_LIBRARY = "libc++";
				CLANG_ENABLE_MODULES = YES;
				CLANG_ENABLE_OBJC_ARC = YES;
				CLANG_ENABLE_OBJC_WEAK = YES;
				CLANG_WARN_BLOCK_CAPTURE_AUTORELEASING = YES;
				CLANG_WARN_BOOL_CONVERSION = YES;
				CLANG_WARN_COMMA = YES;
				CLANG_WARN_CONSTANT_CONVERSION = YES;
				CLANG_WARN_DEPRECATED_OBJC_IMPLEMENTATIONS = YES;
				CLANG_WARN_DIRECT_OBJC_ISA_USAGE = YES_ERROR;
				CLANG_WARN_DOCUMENTATION_COMMENTS = YES;
				CLANG_WARN_EMPTY_BODY = YES;
				CLANG_WARN_ENUM_CONVERSION = YES;
				CLANG_WARN_INFINITE_RECURSION = YES;
				CLANG_WARN_INT_CONVERSION = YES;
				CLANG_WARN_NON_LITERAL_NULL_CONVERSION = YES;
				CLANG_WARN_OBJC_IMPLICIT_RETAIN_SELF = YES;
				CLANG_WARN_OBJC_LITERAL_CONVERSION = YES;
				CLANG_WARN_OBJC_ROOT_CLASS = YES_ERROR;
				CLANG_WARN_RANGE_LOOP_ANALYSIS = YES;
				CLANG_WARN_STRICT_PROTOTYPES = YES;
				CLANG_WARN_SUSPICIOUS_MOVE = YES;
				CLANG_WARN_UNGUARDED_AVAILABILITY = YES_AGGRESSIVE;
				CLANG_WARN_UNREACHABLE_CODE = YES;
				CLANG_WARN__DUPLICATE_METHOD_MATCH = YES;
				CODE_SIGN_IDENTITY = "iPhone Developer";
				COPY_PHASE_STRIP = NO;
				DEBUG_INFORMATION_FORMAT = "dwarf-with-dsym";
				ENABLE_NS_ASSERTIONS = NO;
				ENABLE_STRICT_OBJC_MSGSEND = YES;
				GCC_C_LANGUAGE_STANDARD = gnu11;
				GCC_NO_COMMON_BLOCKS = YES;
				GCC_WARN_64_TO_32_BIT_CONVERSION = YES;
				GCC_WARN_ABOUT_RETURN_TYPE = YES_ERROR;
				GCC_WARN_UNDECLARED_SELECTOR = YES;
				GCC_WARN_UNINITIALIZED_AUTOS = YES_AGGRESSIVE;
				GCC_WARN_UNUSED_FUNCTION = YES;
				GCC_WARN_UNUSED_VARIABLE = YES;
				IPHONEOS_DEPLOYMENT_TARGET = 11.3;
				MTL_ENABLE_DEBUG_INFO = NO;
				SDKROOT = iphoneos;
				SWIFT_COMPILATION_MODE = wholemodule;
				SWIFT_OPTIMIZATION_LEVEL = "-O";
				VALIDATE_PRODUCT = YES;
			};
			name = Release;
		};
		88CF955920CA575500207446 /* Debug */ = {
			isa = XCBuildConfiguration;
			buildSettings = {
				ASSETCATALOG_COMPILER_APPICON_NAME = AppIcon;
				CODE_SIGN_STYLE = Automatic;
				INFOPLIST_FILE = StoreReviewSample/Info.plist;
				LD_RUNPATH_SEARCH_PATHS = (
					"$(inherited)",
					"@executable_path/Frameworks",
				);
				PRODUCT_BUNDLE_IDENTIFIER = com.devWill.StoreReviewSample;
				PRODUCT_NAME = "$(TARGET_NAME)";
				SWIFT_VERSION = 4.0;
				TARGETED_DEVICE_FAMILY = "1,2";
			};
			name = Debug;
		};
		88CF955A20CA575500207446 /* Release */ = {
			isa = XCBuildConfiguration;
			buildSettings = {
				ASSETCATALOG_COMPILER_APPICON_NAME = AppIcon;
				CODE_SIGN_STYLE = Automatic;
				INFOPLIST_FILE = StoreReviewSample/Info.plist;
				LD_RUNPATH_SEARCH_PATHS = (
					"$(inherited)",
					"@executable_path/Frameworks",
				);
				PRODUCT_BUNDLE_IDENTIFIER = com.devWill.StoreReviewSample;
				PRODUCT_NAME = "$(TARGET_NAME)";
				SWIFT_VERSION = 4.0;
				TARGETED_DEVICE_FAMILY = "1,2";
			};
			name = Release;
		};
		88CF955C20CA575500207446 /* Debug */ = {
			isa = XCBuildConfiguration;
			buildSettings = {
				ALWAYS_EMBED_SWIFT_STANDARD_LIBRARIES = YES;
				BUNDLE_LOADER = "$(TEST_HOST)";
				CODE_SIGN_STYLE = Automatic;
				INFOPLIST_FILE = StoreReviewSampleTests/Info.plist;
				LD_RUNPATH_SEARCH_PATHS = (
					"$(inherited)",
					"@executable_path/Frameworks",
					"@loader_path/Frameworks",
				);
				PRODUCT_BUNDLE_IDENTIFIER = com.devWill.StoreReviewSampleTests;
				PRODUCT_NAME = "$(TARGET_NAME)";
				SWIFT_VERSION = 4.0;
				TARGETED_DEVICE_FAMILY = "1,2";
				TEST_HOST = "$(BUILT_PRODUCTS_DIR)/StoreReviewSample.app/StoreReviewSample";
			};
			name = Debug;
		};
		88CF955D20CA575500207446 /* Release */ = {
			isa = XCBuildConfiguration;
			buildSettings = {
				ALWAYS_EMBED_SWIFT_STANDARD_LIBRARIES = YES;
				BUNDLE_LOADER = "$(TEST_HOST)";
				CODE_SIGN_STYLE = Automatic;
				INFOPLIST_FILE = StoreReviewSampleTests/Info.plist;
				LD_RUNPATH_SEARCH_PATHS = (
					"$(inherited)",
					"@executable_path/Frameworks",
					"@loader_path/Frameworks",
				);
				PRODUCT_BUNDLE_IDENTIFIER = com.devWill.StoreReviewSampleTests;
				PRODUCT_NAME = "$(TARGET_NAME)";
				SWIFT_VERSION = 4.0;
				TARGETED_DEVICE_FAMILY = "1,2";
				TEST_HOST = "$(BUILT_PRODUCTS_DIR)/StoreReviewSample.app/StoreReviewSample";
			};
			name = Release;
		};
		88CF955F20CA575500207446 /* Debug */ = {
			isa = XCBuildConfiguration;
			buildSettings = {
				ALWAYS_EMBED_SWIFT_STANDARD_LIBRARIES = YES;
				CODE_SIGN_STYLE = Automatic;
				INFOPLIST_FILE = StoreReviewSampleUITests/Info.plist;
				LD_RUNPATH_SEARCH_PATHS = (
					"$(inherited)",
					"@executable_path/Frameworks",
					"@loader_path/Frameworks",
				);
				PRODUCT_BUNDLE_IDENTIFIER = com.devWill.StoreReviewSampleUITests;
				PRODUCT_NAME = "$(TARGET_NAME)";
				SWIFT_VERSION = 4.0;
				TARGETED_DEVICE_FAMILY = "1,2";
				TEST_TARGET_NAME = StoreReviewSample;
			};
			name = Debug;
		};
		88CF956020CA575500207446 /* Release */ = {
			isa = XCBuildConfiguration;
			buildSettings = {
				ALWAYS_EMBED_SWIFT_STANDARD_LIBRARIES = YES;
				CODE_SIGN_STYLE = Automatic;
				INFOPLIST_FILE = StoreReviewSampleUITests/Info.plist;
				LD_RUNPATH_SEARCH_PATHS = (
					"$(inherited)",
					"@executable_path/Frameworks",
					"@loader_path/Frameworks",
				);
				PRODUCT_BUNDLE_IDENTIFIER = com.devWill.StoreReviewSampleUITests;
				PRODUCT_NAME = "$(TARGET_NAME)";
				SWIFT_VERSION = 4.0;
				TARGETED_DEVICE_FAMILY = "1,2";
				TEST_TARGET_NAME = StoreReviewSample;
			};
			name = Release;
		};
/* End XCBuildConfiguration section */

/* Begin XCConfigurationList section */
		88CF952B20CA575200207446 /* Build configuration list for PBXProject "StoreReviewSample" */ = {
			isa = XCConfigurationList;
			buildConfigurations = (
				88CF955620CA575500207446 /* Debug */,
				88CF955720CA575500207446 /* Release */,
			);
			defaultConfigurationIsVisible = 0;
			defaultConfigurationName = Release;
		};
		88CF955820CA575500207446 /* Build configuration list for PBXNativeTarget "StoreReviewSample" */ = {
			isa = XCConfigurationList;
			buildConfigurations = (
				88CF955920CA575500207446 /* Debug */,
				88CF955A20CA575500207446 /* Release */,
			);
			defaultConfigurationIsVisible = 0;
			defaultConfigurationName = Release;
		};
		88CF955B20CA575500207446 /* Build configuration list for PBXNativeTarget "StoreReviewSampleTests" */ = {
			isa = XCConfigurationList;
			buildConfigurations = (
				88CF955C20CA575500207446 /* Debug */,
				88CF955D20CA575500207446 /* Release */,
			);
			defaultConfigurationIsVisible = 0;
			defaultConfigurationName = Release;
		};
		88CF955E20CA575500207446 /* Build configuration list for PBXNativeTarget "StoreReviewSampleUITests" */ = {
			isa = XCConfigurationList;
			buildConfigurations = (
				88CF955F20CA575500207446 /* Debug */,
				88CF956020CA575500207446 /* Release */,
			);
			defaultConfigurationIsVisible = 0;
			defaultConfigurationName = Release;
		};
/* End XCConfigurationList section */
	};
	rootObject = 88CF952820CA575200207446 /* Project object */;
}
